// !$*UTF8*$!
{
	archiveVersion = 1;
	classes = {
	};
	objectVersion = 56;
	objects = {

/* Begin PBXBuildFile section */
		930000482BDDFDCE005E9B69 /* ViewModifiers.swift in Sources */ = {isa = PBXBuildFile; fileRef = 930000472BDDFDCE005E9B69 /* ViewModifiers.swift */; };
		9311DADA2BD377650091950D /* NSObject + Builder.swift in Sources */ = {isa = PBXBuildFile; fileRef = 9311DAD92BD377650091950D /* NSObject + Builder.swift */; };
		9313E6A52BCAACFF0035EA53 /* MetalShaderPracticeApp.swift in Sources */ = {isa = PBXBuildFile; fileRef = 9313E6A42BCAACFF0035EA53 /* MetalShaderPracticeApp.swift */; };
		9313E6A72BCAACFF0035EA53 /* ContentView.swift in Sources */ = {isa = PBXBuildFile; fileRef = 9313E6A62BCAACFF0035EA53 /* ContentView.swift */; };
		9313E6A92BCAAD000035EA53 /* Assets.xcassets in Resources */ = {isa = PBXBuildFile; fileRef = 9313E6A82BCAAD000035EA53 /* Assets.xcassets */; };
		9313E6AC2BCAAD000035EA53 /* Preview Assets.xcassets in Resources */ = {isa = PBXBuildFile; fileRef = 9313E6AB2BCAAD000035EA53 /* Preview Assets.xcassets */; };
		9313E6BB2BCB6D120035EA53 /* BasicDemoView.swift in Sources */ = {isa = PBXBuildFile; fileRef = 9313E6BA2BCB6D110035EA53 /* BasicDemoView.swift */; };
		9313E6BD2BCB6D4A0035EA53 /* ColorShapeMaker.swift in Sources */ = {isa = PBXBuildFile; fileRef = 9313E6BC2BCB6D4A0035EA53 /* ColorShapeMaker.swift */; };
		9313E6C02BCB707B0035EA53 /* ColorShapeShader.metal in Sources */ = {isa = PBXBuildFile; fileRef = 9313E6BF2BCB707B0035EA53 /* ColorShapeShader.metal */; };
		936F46192BD4DE9F00D4DD93 /* Sequence + Async.swift in Sources */ = {isa = PBXBuildFile; fileRef = 936F46182BD4DE9F00D4DD93 /* Sequence + Async.swift */; };
		936F7A182BD40BFC00349862 /* SourceImages.bundle in Resources */ = {isa = PBXBuildFile; fileRef = 936F7A172BD40BFC00349862 /* SourceImages.bundle */; };
		938C1C9D2BCD894A00954117 /* BlendImageShader.metal in Sources */ = {isa = PBXBuildFile; fileRef = 938C1C9C2BCD894A00954117 /* BlendImageShader.metal */; };
		93CC82EB2BCC2B9800E6D2F5 /* ImageBlendingDemoView.swift in Sources */ = {isa = PBXBuildFile; fileRef = 93CC82EA2BCC2B9800E6D2F5 /* ImageBlendingDemoView.swift */; };
		93CC82ED2BCCA1CE00E6D2F5 /* ImageBlender.swift in Sources */ = {isa = PBXBuildFile; fileRef = 93CC82EC2BCCA1CE00E6D2F5 /* ImageBlender.swift */; };
		93CC82EF2BCCA23600E6D2F5 /* MTLTexture + UIKit.swift in Sources */ = {isa = PBXBuildFile; fileRef = 93CC82EE2BCCA23600E6D2F5 /* MTLTexture + UIKit.swift */; };
		93F0DE132BCEA2240070FBC1 /* DemoImageProvider.swift in Sources */ = {isa = PBXBuildFile; fileRef = 93F0DE122BCEA2240070FBC1 /* DemoImageProvider.swift */; };
		93F0DE152BCEA6C90070FBC1 /* BlendImages.bundle in Resources */ = {isa = PBXBuildFile; fileRef = 93F0DE142BCEA6C90070FBC1 /* BlendImages.bundle */; };
/* End PBXBuildFile section */

/* Begin PBXFileReference section */
		930000472BDDFDCE005E9B69 /* ViewModifiers.swift */ = {isa = PBXFileReference; lastKnownFileType = sourcecode.swift; path = ViewModifiers.swift; sourceTree = "<group>"; };
		9311DAD92BD377650091950D /* NSObject + Builder.swift */ = {isa = PBXFileReference; fileEncoding = 4; lastKnownFileType = sourcecode.swift; path = "NSObject + Builder.swift"; sourceTree = "<group>"; };
		9313E6A12BCAACFF0035EA53 /* MetalShaderPractice.app */ = {isa = PBXFileReference; explicitFileType = wrapper.application; includeInIndex = 0; path = MetalShaderPractice.app; sourceTree = BUILT_PRODUCTS_DIR; };
		9313E6A42BCAACFF0035EA53 /* MetalShaderPracticeApp.swift */ = {isa = PBXFileReference; lastKnownFileType = sourcecode.swift; path = MetalShaderPracticeApp.swift; sourceTree = "<group>"; };
		9313E6A62BCAACFF0035EA53 /* ContentView.swift */ = {isa = PBXFileReference; lastKnownFileType = sourcecode.swift; path = ContentView.swift; sourceTree = "<group>"; };
		9313E6A82BCAAD000035EA53 /* Assets.xcassets */ = {isa = PBXFileReference; lastKnownFileType = folder.assetcatalog; path = Assets.xcassets; sourceTree = "<group>"; };
		9313E6AB2BCAAD000035EA53 /* Preview Assets.xcassets */ = {isa = PBXFileReference; lastKnownFileType = folder.assetcatalog; path = "Preview Assets.xcassets"; sourceTree = "<group>"; };
		9313E6BA2BCB6D110035EA53 /* BasicDemoView.swift */ = {isa = PBXFileReference; lastKnownFileType = sourcecode.swift; path = BasicDemoView.swift; sourceTree = "<group>"; };
		9313E6BC2BCB6D4A0035EA53 /* ColorShapeMaker.swift */ = {isa = PBXFileReference; lastKnownFileType = sourcecode.swift; path = ColorShapeMaker.swift; sourceTree = "<group>"; };
		9313E6BF2BCB707B0035EA53 /* ColorShapeShader.metal */ = {isa = PBXFileReference; lastKnownFileType = sourcecode.metal; path = ColorShapeShader.metal; sourceTree = "<group>"; };
		936F46182BD4DE9F00D4DD93 /* Sequence + Async.swift */ = {isa = PBXFileReference; lastKnownFileType = sourcecode.swift; path = "Sequence + Async.swift"; sourceTree = "<group>"; };
		936F7A172BD40BFC00349862 /* SourceImages.bundle */ = {isa = PBXFileReference; lastKnownFileType = "wrapper.plug-in"; path = SourceImages.bundle; sourceTree = "<group>"; };
		938C1C9C2BCD894A00954117 /* BlendImageShader.metal */ = {isa = PBXFileReference; lastKnownFileType = sourcecode.metal; path = BlendImageShader.metal; sourceTree = "<group>"; };
		93CC82EA2BCC2B9800E6D2F5 /* ImageBlendingDemoView.swift */ = {isa = PBXFileReference; lastKnownFileType = sourcecode.swift; path = ImageBlendingDemoView.swift; sourceTree = "<group>"; };
		93CC82EC2BCCA1CE00E6D2F5 /* ImageBlender.swift */ = {isa = PBXFileReference; lastKnownFileType = sourcecode.swift; path = ImageBlender.swift; sourceTree = "<group>"; };
		93CC82EE2BCCA23600E6D2F5 /* MTLTexture + UIKit.swift */ = {isa = PBXFileReference; lastKnownFileType = sourcecode.swift; path = "MTLTexture + UIKit.swift"; sourceTree = "<group>"; };
		93F0DE122BCEA2240070FBC1 /* DemoImageProvider.swift */ = {isa = PBXFileReference; lastKnownFileType = sourcecode.swift; path = DemoImageProvider.swift; sourceTree = "<group>"; };
		93F0DE142BCEA6C90070FBC1 /* BlendImages.bundle */ = {isa = PBXFileReference; lastKnownFileType = "wrapper.plug-in"; path = BlendImages.bundle; sourceTree = "<group>"; };
/* End PBXFileReference section */

/* Begin PBXFrameworksBuildPhase section */
		9313E69E2BCAACFF0035EA53 /* Frameworks */ = {
			isa = PBXFrameworksBuildPhase;
			buildActionMask = 2147483647;
			files = (
			);
			runOnlyForDeploymentPostprocessing = 0;
		};
/* End PBXFrameworksBuildPhase section */

/* Begin PBXGroup section */
		930000462BDDFDB1005E9B69 /* Utilities */ = {
			isa = PBXGroup;
			children = (
				930000472BDDFDCE005E9B69 /* ViewModifiers.swift */,
			);
			path = Utilities;
			sourceTree = "<group>";
		};
		9313E6982BCAACFF0035EA53 = {
			isa = PBXGroup;
			children = (
				9313E6A32BCAACFF0035EA53 /* MetalShaderPractice */,
				9313E6A22BCAACFF0035EA53 /* Products */,
			);
			sourceTree = "<group>";
		};
		9313E6A22BCAACFF0035EA53 /* Products */ = {
			isa = PBXGroup;
			children = (
				9313E6A12BCAACFF0035EA53 /* MetalShaderPractice.app */,
			);
			name = Products;
			sourceTree = "<group>";
		};
		9313E6A32BCAACFF0035EA53 /* MetalShaderPractice */ = {
			isa = PBXGroup;
			children = (
				9313E6A42BCAACFF0035EA53 /* MetalShaderPracticeApp.swift */,
				9313E6A62BCAACFF0035EA53 /* ContentView.swift */,
				9313E6B22BCAB4970035EA53 /* Demonstrations */,
				930000462BDDFDB1005E9B69 /* Utilities */,
				9313E6B32BCAB4AE0035EA53 /* Extensions */,
				9313E6A82BCAAD000035EA53 /* Assets.xcassets */,
				9313E6AA2BCAAD000035EA53 /* Preview Content */,
			);
			path = MetalShaderPractice;
			sourceTree = "<group>";
		};
		9313E6AA2BCAAD000035EA53 /* Preview Content */ = {
			isa = PBXGroup;
			children = (
				9313E6AB2BCAAD000035EA53 /* Preview Assets.xcassets */,
			);
			path = "Preview Content";
			sourceTree = "<group>";
		};
		9313E6B22BCAB4970035EA53 /* Demonstrations */ = {
			isa = PBXGroup;
			children = (
				9313E6B42BCABD660035EA53 /* Basic color rendering */,
				9313E6B52BCABD740035EA53 /* Image blending */,
				9313E6B62BCABD830035EA53 /* Video Editing */,
				9313E6B72BCABD8F0035EA53 /* SwiftUI */,
			);
			path = Demonstrations;
			sourceTree = "<group>";
		};
		9313E6B32BCAB4AE0035EA53 /* Extensions */ = {
			isa = PBXGroup;
			children = (
				9311DAD92BD377650091950D /* NSObject + Builder.swift */,
				93CC82EE2BCCA23600E6D2F5 /* MTLTexture + UIKit.swift */,
				936F46182BD4DE9F00D4DD93 /* Sequence + Async.swift */,
			);
			path = Extensions;
			sourceTree = "<group>";
		};
		9313E6B42BCABD660035EA53 /* Basic color rendering */ = {
			isa = PBXGroup;
			children = (
				9313E6BA2BCB6D110035EA53 /* BasicDemoView.swift */,
				9313E6BE2BCB6E770035EA53 /* ColorShapes */,
			);
			path = "Basic color rendering";
			sourceTree = "<group>";
		};
		9313E6B52BCABD740035EA53 /* Image blending */ = {
			isa = PBXGroup;
			children = (
				93CC82EA2BCC2B9800E6D2F5 /* ImageBlendingDemoView.swift */,
				93F0DE122BCEA2240070FBC1 /* DemoImageProvider.swift */,
				938C1C9E2BCD8E9300954117 /* ImageBlender */,
				93F0DE162BCEA6F80070FBC1 /* Resources */,
			);
			path = "Image blending";
			sourceTree = "<group>";
		};
		9313E6B62BCABD830035EA53 /* Video Editing */ = {
			isa = PBXGroup;
			children = (
			);
			path = "Video Editing";
			sourceTree = "<group>";
		};
		9313E6B72BCABD8F0035EA53 /* SwiftUI */ = {
			isa = PBXGroup;
			children = (
			);
			path = SwiftUI;
			sourceTree = "<group>";
		};
		9313E6BE2BCB6E770035EA53 /* ColorShapes */ = {
			isa = PBXGroup;
			children = (
				9313E6BC2BCB6D4A0035EA53 /* ColorShapeMaker.swift */,
				9313E6BF2BCB707B0035EA53 /* ColorShapeShader.metal */,
			);
			path = ColorShapes;
			sourceTree = "<group>";
		};
		938C1C9E2BCD8E9300954117 /* ImageBlender */ = {
			isa = PBXGroup;
			children = (
				93CC82EC2BCCA1CE00E6D2F5 /* ImageBlender.swift */,
				938C1C9C2BCD894A00954117 /* BlendImageShader.metal */,
			);
			path = ImageBlender;
			sourceTree = "<group>";
		};
		93F0DE162BCEA6F80070FBC1 /* Resources */ = {
			isa = PBXGroup;
			children = (
				936F7A172BD40BFC00349862 /* SourceImages.bundle */,
				93F0DE142BCEA6C90070FBC1 /* BlendImages.bundle */,
			);
			path = Resources;
			sourceTree = "<group>";
		};
/* End PBXGroup section */

/* Begin PBXNativeTarget section */
		9313E6A02BCAACFF0035EA53 /* MetalShaderPractice */ = {
			isa = PBXNativeTarget;
			buildConfigurationList = 9313E6AF2BCAAD000035EA53 /* Build configuration list for PBXNativeTarget "MetalShaderPractice" */;
			buildPhases = (
				9313E69D2BCAACFF0035EA53 /* Sources */,
				9313E69E2BCAACFF0035EA53 /* Frameworks */,
				9313E69F2BCAACFF0035EA53 /* Resources */,
			);
			buildRules = (
			);
			dependencies = (
			);
			name = MetalShaderPractice;
			productName = MetalShaderPractice;
			productReference = 9313E6A12BCAACFF0035EA53 /* MetalShaderPractice.app */;
			productType = "com.apple.product-type.application";
		};
/* End PBXNativeTarget section */

/* Begin PBXProject section */
		9313E6992BCAACFF0035EA53 /* Project object */ = {
			isa = PBXProject;
			attributes = {
				BuildIndependentTargetsInParallel = 1;
				LastSwiftUpdateCheck = 1520;
				LastUpgradeCheck = 1520;
				TargetAttributes = {
					9313E6A02BCAACFF0035EA53 = {
						CreatedOnToolsVersion = 15.2;
					};
				};
			};
			buildConfigurationList = 9313E69C2BCAACFF0035EA53 /* Build configuration list for PBXProject "MetalShaderPractice" */;
			compatibilityVersion = "Xcode 14.0";
			developmentRegion = en;
			hasScannedForEncodings = 0;
			knownRegions = (
				en,
				Base,
			);
			mainGroup = 9313E6982BCAACFF0035EA53;
			productRefGroup = 9313E6A22BCAACFF0035EA53 /* Products */;
			projectDirPath = "";
			projectRoot = "";
			targets = (
				9313E6A02BCAACFF0035EA53 /* MetalShaderPractice */,
			);
		};
/* End PBXProject section */

/* Begin PBXResourcesBuildPhase section */
		9313E69F2BCAACFF0035EA53 /* Resources */ = {
			isa = PBXResourcesBuildPhase;
			buildActionMask = 2147483647;
			files = (
				93F0DE152BCEA6C90070FBC1 /* BlendImages.bundle in Resources */,
				936F7A182BD40BFC00349862 /* SourceImages.bundle in Resources */,
				9313E6AC2BCAAD000035EA53 /* Preview Assets.xcassets in Resources */,
				9313E6A92BCAAD000035EA53 /* Assets.xcassets in Resources */,
			);
			runOnlyForDeploymentPostprocessing = 0;
		};
/* End PBXResourcesBuildPhase section */

/* Begin PBXSourcesBuildPhase section */
		9313E69D2BCAACFF0035EA53 /* Sources */ = {
			isa = PBXSourcesBuildPhase;
			buildActionMask = 2147483647;
			files = (
				93CC82ED2BCCA1CE00E6D2F5 /* ImageBlender.swift in Sources */,
				936F46192BD4DE9F00D4DD93 /* Sequence + Async.swift in Sources */,
				9313E6BD2BCB6D4A0035EA53 /* ColorShapeMaker.swift in Sources */,
				93CC82EF2BCCA23600E6D2F5 /* MTLTexture + UIKit.swift in Sources */,
				938C1C9D2BCD894A00954117 /* BlendImageShader.metal in Sources */,
				9313E6C02BCB707B0035EA53 /* ColorShapeShader.metal in Sources */,
				930000482BDDFDCE005E9B69 /* ViewModifiers.swift in Sources */,
				9313E6A72BCAACFF0035EA53 /* ContentView.swift in Sources */,
				9313E6A52BCAACFF0035EA53 /* MetalShaderPracticeApp.swift in Sources */,
				93CC82EB2BCC2B9800E6D2F5 /* ImageBlendingDemoView.swift in Sources */,
				93F0DE132BCEA2240070FBC1 /* DemoImageProvider.swift in Sources */,
				9311DADA2BD377650091950D /* NSObject + Builder.swift in Sources */,
				9313E6BB2BCB6D120035EA53 /* BasicDemoView.swift in Sources */,
			);
			runOnlyForDeploymentPostprocessing = 0;
		};
/* End PBXSourcesBuildPhase section */

/* Begin XCBuildConfiguration section */
		9313E6AD2BCAAD000035EA53 /* Debug */ = {
			isa = XCBuildConfiguration;
			buildSettings = {
				ALWAYS_SEARCH_USER_PATHS = NO;
				ASSETCATALOG_COMPILER_GENERATE_SWIFT_ASSET_SYMBOL_EXTENSIONS = YES;
				CLANG_ANALYZER_NONNULL = YES;
				CLANG_ANALYZER_NUMBER_OBJECT_CONVERSION = YES_AGGRESSIVE;
				CLANG_CXX_LANGUAGE_STANDARD = "gnu++20";
				CLANG_ENABLE_MODULES = YES;
				CLANG_ENABLE_OBJC_ARC = YES;
				CLANG_ENABLE_OBJC_WEAK = YES;
				CLANG_WARN_BLOCK_CAPTURE_AUTORELEASING = YES;
				CLANG_WARN_BOOL_CONVERSION = YES;
				CLANG_WARN_COMMA = YES;
				CLANG_WARN_CONSTANT_CONVERSION = YES;
				CLANG_WARN_DEPRECATED_OBJC_IMPLEMENTATIONS = YES;
				CLANG_WARN_DIRECT_OBJC_ISA_USAGE = YES_ERROR;
				CLANG_WARN_DOCUMENTATION_COMMENTS = YES;
				CLANG_WARN_EMPTY_BODY = YES;
				CLANG_WARN_ENUM_CONVERSION = YES;
				CLANG_WARN_INFINITE_RECURSION = YES;
				CLANG_WARN_INT_CONVERSION = YES;
				CLANG_WARN_NON_LITERAL_NULL_CONVERSION = YES;
				CLANG_WARN_OBJC_IMPLICIT_RETAIN_SELF = YES;
				CLANG_WARN_OBJC_LITERAL_CONVERSION = YES;
				CLANG_WARN_OBJC_ROOT_CLASS = YES_ERROR;
				CLANG_WARN_QUOTED_INCLUDE_IN_FRAMEWORK_HEADER = YES;
				CLANG_WARN_RANGE_LOOP_ANALYSIS = YES;
				CLANG_WARN_STRICT_PROTOTYPES = YES;
				CLANG_WARN_SUSPICIOUS_MOVE = YES;
				CLANG_WARN_UNGUARDED_AVAILABILITY = YES_AGGRESSIVE;
				CLANG_WARN_UNREACHABLE_CODE = YES;
				CLANG_WARN__DUPLICATE_METHOD_MATCH = YES;
				COPY_PHASE_STRIP = NO;
				DEBUG_INFORMATION_FORMAT = dwarf;
				ENABLE_STRICT_OBJC_MSGSEND = YES;
				ENABLE_TESTABILITY = YES;
				ENABLE_USER_SCRIPT_SANDBOXING = YES;
				GCC_C_LANGUAGE_STANDARD = gnu17;
				GCC_DYNAMIC_NO_PIC = NO;
				GCC_NO_COMMON_BLOCKS = YES;
				GCC_OPTIMIZATION_LEVEL = 0;
				GCC_PREPROCESSOR_DEFINITIONS = (
					"DEBUG=1",
					"$(inherited)",
				);
				GCC_WARN_64_TO_32_BIT_CONVERSION = YES;
				GCC_WARN_ABOUT_RETURN_TYPE = YES_ERROR;
				GCC_WARN_UNDECLARED_SELECTOR = YES;
				GCC_WARN_UNINITIALIZED_AUTOS = YES_AGGRESSIVE;
				GCC_WARN_UNUSED_FUNCTION = YES;
				GCC_WARN_UNUSED_VARIABLE = YES;
				IPHONEOS_DEPLOYMENT_TARGET = 17.2;
				LOCALIZATION_PREFERS_STRING_CATALOGS = YES;
				MTL_ENABLE_DEBUG_INFO = INCLUDE_SOURCE;
				MTL_FAST_MATH = YES;
				ONLY_ACTIVE_ARCH = YES;
				SDKROOT = iphoneos;
				SWIFT_ACTIVE_COMPILATION_CONDITIONS = "DEBUG $(inherited)";
				SWIFT_OPTIMIZATION_LEVEL = "-Onone";
			};
			name = Debug;
		};
		9313E6AE2BCAAD000035EA53 /* Release */ = {
			isa = XCBuildConfiguration;
			buildSettings = {
				ALWAYS_SEARCH_USER_PATHS = NO;
				ASSETCATALOG_COMPILER_GENERATE_SWIFT_ASSET_SYMBOL_EXTENSIONS = YES;
				CLANG_ANALYZER_NONNULL = YES;
				CLANG_ANALYZER_NUMBER_OBJECT_CONVERSION = YES_AGGRESSIVE;
				CLANG_CXX_LANGUAGE_STANDARD = "gnu++20";
				CLANG_ENABLE_MODULES = YES;
				CLANG_ENABLE_OBJC_ARC = YES;
				CLANG_ENABLE_OBJC_WEAK = YES;
				CLANG_WARN_BLOCK_CAPTURE_AUTORELEASING = YES;
				CLANG_WARN_BOOL_CONVERSION = YES;
				CLANG_WARN_COMMA = YES;
				CLANG_WARN_CONSTANT_CONVERSION = YES;
				CLANG_WARN_DEPRECATED_OBJC_IMPLEMENTATIONS = YES;
				CLANG_WARN_DIRECT_OBJC_ISA_USAGE = YES_ERROR;
				CLANG_WARN_DOCUMENTATION_COMMENTS = YES;
				CLANG_WARN_EMPTY_BODY = YES;
				CLANG_WARN_ENUM_CONVERSION = YES;
				CLANG_WARN_INFINITE_RECURSION = YES;
				CLANG_WARN_INT_CONVERSION = YES;
				CLANG_WARN_NON_LITERAL_NULL_CONVERSION = YES;
				CLANG_WARN_OBJC_IMPLICIT_RETAIN_SELF = YES;
				CLANG_WARN_OBJC_LITERAL_CONVERSION = YES;
				CLANG_WARN_OBJC_ROOT_CLASS = YES_ERROR;
				CLANG_WARN_QUOTED_INCLUDE_IN_FRAMEWORK_HEADER = YES;
				CLANG_WARN_RANGE_LOOP_ANALYSIS = YES;
				CLANG_WARN_STRICT_PROTOTYPES = YES;
				CLANG_WARN_SUSPICIOUS_MOVE = YES;
				CLANG_WARN_UNGUARDED_AVAILABILITY = YES_AGGRESSIVE;
				CLANG_WARN_UNREACHABLE_CODE = YES;
				CLANG_WARN__DUPLICATE_METHOD_MATCH = YES;
				COPY_PHASE_STRIP = NO;
				DEBUG_INFORMATION_FORMAT = "dwarf-with-dsym";
				ENABLE_NS_ASSERTIONS = NO;
				ENABLE_STRICT_OBJC_MSGSEND = YES;
				ENABLE_USER_SCRIPT_SANDBOXING = YES;
				GCC_C_LANGUAGE_STANDARD = gnu17;
				GCC_NO_COMMON_BLOCKS = YES;
				GCC_WARN_64_TO_32_BIT_CONVERSION = YES;
				GCC_WARN_ABOUT_RETURN_TYPE = YES_ERROR;
				GCC_WARN_UNDECLARED_SELECTOR = YES;
				GCC_WARN_UNINITIALIZED_AUTOS = YES_AGGRESSIVE;
				GCC_WARN_UNUSED_FUNCTION = YES;
				GCC_WARN_UNUSED_VARIABLE = YES;
				IPHONEOS_DEPLOYMENT_TARGET = 17.2;
				LOCALIZATION_PREFERS_STRING_CATALOGS = YES;
				MTL_ENABLE_DEBUG_INFO = NO;
				MTL_FAST_MATH = YES;
				SDKROOT = iphoneos;
				SWIFT_COMPILATION_MODE = wholemodule;
				VALIDATE_PRODUCT = YES;
			};
			name = Release;
		};
		9313E6B02BCAAD000035EA53 /* Debug */ = {
			isa = XCBuildConfiguration;
			buildSettings = {
				ASSETCATALOG_COMPILER_APPICON_NAME = AppIcon;
				ASSETCATALOG_COMPILER_GLOBAL_ACCENT_COLOR_NAME = AccentColor;
				CODE_SIGN_STYLE = Automatic;
				CURRENT_PROJECT_VERSION = 1;
				DEVELOPMENT_ASSET_PATHS = "\"MetalShaderPractice/Preview Content\"";
				DEVELOPMENT_TEAM = 7Y4TPNE48W;
				ENABLE_PREVIEWS = YES;
				GENERATE_INFOPLIST_FILE = YES;
				INFOPLIST_KEY_UIApplicationSceneManifest_Generation = YES;
				INFOPLIST_KEY_UIApplicationSupportsIndirectInputEvents = YES;
				INFOPLIST_KEY_UILaunchScreen_Generation = YES;
				INFOPLIST_KEY_UISupportedInterfaceOrientations_iPad = "UIInterfaceOrientationPortrait UIInterfaceOrientationPortraitUpsideDown UIInterfaceOrientationLandscapeLeft UIInterfaceOrientationLandscapeRight";
				INFOPLIST_KEY_UISupportedInterfaceOrientations_iPhone = "UIInterfaceOrientationPortrait UIInterfaceOrientationLandscapeLeft UIInterfaceOrientationLandscapeRight";
				LD_RUNPATH_SEARCH_PATHS = (
					"$(inherited)",
					"@executable_path/Frameworks",
				);
				MARKETING_VERSION = 1.0;
				PRODUCT_BUNDLE_IDENTIFIER = com.iOSTaipei.MetalShaderPractice;
				PRODUCT_NAME = "$(TARGET_NAME)";
				SWIFT_EMIT_LOC_STRINGS = YES;
				SWIFT_VERSION = 5.0;
				TARGETED_DEVICE_FAMILY = "1,2";
			};
			name = Debug;
		};
		9313E6B12BCAAD000035EA53 /* Release */ = {
			isa = XCBuildConfiguration;
			buildSettings = {
				ASSETCATALOG_COMPILER_APPICON_NAME = AppIcon;
				ASSETCATALOG_COMPILER_GLOBAL_ACCENT_COLOR_NAME = AccentColor;
				CODE_SIGN_STYLE = Automatic;
				CURRENT_PROJECT_VERSION = 1;
				DEVELOPMENT_ASSET_PATHS = "\"MetalShaderPractice/Preview Content\"";
				DEVELOPMENT_TEAM = 7Y4TPNE48W;
				ENABLE_PREVIEWS = YES;
				GENERATE_INFOPLIST_FILE = YES;
				INFOPLIST_KEY_UIApplicationSceneManifest_Generation = YES;
				INFOPLIST_KEY_UIApplicationSupportsIndirectInputEvents = YES;
				INFOPLIST_KEY_UILaunchScreen_Generation = YES;
				INFOPLIST_KEY_UISupportedInterfaceOrientations_iPad = "UIInterfaceOrientationPortrait UIInterfaceOrientationPortraitUpsideDown UIInterfaceOrientationLandscapeLeft UIInterfaceOrientationLandscapeRight";
				INFOPLIST_KEY_UISupportedInterfaceOrientations_iPhone = "UIInterfaceOrientationPortrait UIInterfaceOrientationLandscapeLeft UIInterfaceOrientationLandscapeRight";
				LD_RUNPATH_SEARCH_PATHS = (
					"$(inherited)",
					"@executable_path/Frameworks",
				);
				MARKETING_VERSION = 1.0;
				PRODUCT_BUNDLE_IDENTIFIER = com.iOSTaipei.MetalShaderPractice;
				PRODUCT_NAME = "$(TARGET_NAME)";
				SWIFT_EMIT_LOC_STRINGS = YES;
				SWIFT_VERSION = 5.0;
				TARGETED_DEVICE_FAMILY = "1,2";
			};
			name = Release;
		};
/* End XCBuildConfiguration section */

/* Begin XCConfigurationList section */
		9313E69C2BCAACFF0035EA53 /* Build configuration list for PBXProject "MetalShaderPractice" */ = {
			isa = XCConfigurationList;
			buildConfigurations = (
				9313E6AD2BCAAD000035EA53 /* Debug */,
				9313E6AE2BCAAD000035EA53 /* Release */,
			);
			defaultConfigurationIsVisible = 0;
			defaultConfigurationName = Release;
		};
		9313E6AF2BCAAD000035EA53 /* Build configuration list for PBXNativeTarget "MetalShaderPractice" */ = {
			isa = XCConfigurationList;
			buildConfigurations = (
				9313E6B02BCAAD000035EA53 /* Debug */,
				9313E6B12BCAAD000035EA53 /* Release */,
			);
			defaultConfigurationIsVisible = 0;
			defaultConfigurationName = Release;
		};
/* End XCConfigurationList section */
	};
	rootObject = 9313E6992BCAACFF0035EA53 /* Project object */;
}
